<?xml version="1.0" encoding="utf-8"?>
<Project ToolsVersion="4.0" xmlns="http://schemas.microsoft.com/developer/msbuild/2003">
  <ItemGroup>
    <Filter Include="Core">
      <UniqueIdentifier>{fa72af48-7802-463c-8a00-3252cb706d0e}</UniqueIdentifier>
    </Filter>
    <Filter Include="Game">
      <UniqueIdentifier>{02f55f3e-3dbd-4718-ad9e-5e09809754dc}</UniqueIdentifier>
    </Filter>
  </ItemGroup>
  <ItemGroup>
    <ClCompile Include="Core\Core.cpp">
      <Filter>Core</Filter>
    </ClCompile>
    <ClCompile Include="Core\Gateway.cpp">
      <Filter>Core</Filter>
    </ClCompile>
    <ClCompile Include="Core\Logger.cpp">
      <Filter>Core</Filter>
    </ClCompile>
    <ClCompile Include="Core\Realm.cpp">
      <Filter>Core</Filter>
    </ClCompile>
    <ClCompile Include="Game\World.cpp">
      <Filter>Game</Filter>
    </ClCompile>
    <ClCompile Include="Core\Generator.cpp">
      <Filter>Core</Filter>
    </ClCompile>
    <ClCompile Include="Game\Field.cpp">
      <Filter>Game</Filter>
    </ClCompile>
    <ClCompile Include="Game\Field_Loaded.cpp">
      <Filter>Game</Filter>
    </ClCompile>
    <ClCompile Include="Game\Connection.cpp">
      <Filter>Game</Filter>
    </ClCompile>
    <ClCompile Include="Game\Character.cpp">
      <Filter>Game</Filter>
    </ClCompile>
    <ClCompile Include="Game\Unit.cpp">
      <Filter>Game</Filter>
    </ClCompile>
    <ClCompile Include="Game\Connection_HandleMessage.cpp">
      <Filter>Game</Filter>
    </ClCompile>
    <ClCompile Include="Game\Region.cpp">
      <Filter>Game</Filter>
    </ClCompile>
    <ClCompile Include="Game\Field_Generated.cpp">
      <Filter>Game</Filter>
    </ClCompile>
    <ClCompile Include="Game\Group.cpp">
      <Filter>Game</Filter>
    </ClCompile>
    <ClCompile Include="Core\Packet.cpp">
      <Filter>Core</Filter>
    </ClCompile>
    <ClCompile Include="Game\Item.cpp">
      <Filter>Game</Filter>
    </ClCompile>
    <ClCompile Include="Core\Processor.cpp">
      <Filter>Core</Filter>
    </ClCompile>
    <ClCompile Include="Core\Registry.cpp">
      <Filter>Core</Filter>
    </ClCompile>
    <ClCompile Include="Core\BattleQueue.cpp">
      <Filter>Core</Filter>
    </ClCompile>
    <ClCompile Include="Game\Battle.cpp">
      <Filter>Game</Filter>
    </ClCompile>
    <ClCompile Include="Game\Group_Unifier.cpp">
      <Filter>Game</Filter>
    </ClCompile>
    <ClCompile Include="Game\Object.cpp">
      <Filter>Game</Filter>
    </ClCompile>
  </ItemGroup>
  <ItemGroup>
    <ClInclude Include="Core\Gateway.h">
      <Filter>Core</Filter>
    </ClInclude>
    <ClInclude Include="Core\Logger.h">
      <Filter>Core</Filter>
    </ClInclude>
    <ClInclude Include="Core\Macro.h">
      <Filter>Core</Filter>
    </ClInclude>
    <ClInclude Include="Core\Realm.h">
      <Filter>Core</Filter>
    </ClInclude>
    <ClInclude Include="Game\World.h">
      <Filter>Game</Filter>
    </ClInclude>
    <ClInclude Include="Core\Generator.h">
      <Filter>Core</Filter>
    </ClInclude>
    <ClInclude Include="Game\Field.h">
      <Filter>Game</Filter>
    </ClInclude>
    <ClInclude Include="Core\ListLockable.hpp">
      <Filter>Core</Filter>
    </ClInclude>
    <ClInclude Include="Core\ListProcessable.hpp">
      <Filter>Core</Filter>
    </ClInclude>
    <ClInclude Include="Game\Field_Loaded.h">
      <Filter>Game</Filter>
    </ClInclude>
    <ClInclude Include="Game\Connection.h">
      <Filter>Game</Filter>
    </ClInclude>
    <ClInclude Include="Game\Character.h">
      <Filter>Game</Filter>
    </ClInclude>
    <ClInclude Include="Game\Unit.h">
      <Filter>Game</Filter>
    </ClInclude>
    <ClInclude Include="Game\Region.h">
      <Filter>Game</Filter>
    </ClInclude>
    <ClInclude Include="Game\Field_Generated.h">
      <Filter>Game</Filter>
    </ClInclude>
    <ClInclude Include="Game\Group.h">
      <Filter>Game</Filter>
    </ClInclude>
    <ClInclude Include="Core\Packet.h">
      <Filter>Core</Filter>
    </ClInclude>
    <ClInclude Include="Game\Item.h">
      <Filter>Game</Filter>
    </ClInclude>
    <ClInclude Include="Core\Processor.h">
      <Filter>Core</Filter>
    </ClInclude>
    <ClInclude Include="Core\Registry.h">
      <Filter>Core</Filter>
    </ClInclude>
    <ClInclude Include="Core\BattleQueue.h">
      <Filter>Core</Filter>
    </ClInclude>
    <ClInclude Include="Game\Battle.h">
      <Filter>Game</Filter>
    </ClInclude>
    <ClInclude Include="Game\Group_Unifier.h">
      <Filter>Game</Filter>
    </ClInclude>
    <ClInclude Include="Game\Object.h">
      <Filter>Game</Filter>
    </ClInclude>
  </ItemGroup>
</Project>